{
  "object": {
    "pins": [
      {
        "package": "SwiftyGPIO",
        "repositoryURL": "https://github.com/uraimo/SwiftyGPIO.git",
        "state": {
          "branch": null,
          "revision": "b1ec6e1ec0a871466fae88fd8764c9530d8b570b",
          "version": "1.3.5"
        }
      }
    ]
  },
  "version": 1
}
